
Microsoft Visual Studio Solution File, Format Version 12.00
# Visual Studio Version 17
VisualStudioVersion = 17.5.33530.505
MinimumVisualStudioVersion = 10.0.40219.1
Project("{FAE04EC0-301F-11D3-BF4B-00C04F79EFBC}") = "GremlinAPI", "GremlinAPI.csproj", "{AC2D2C14-5291-4A44-AE68-EDFA8646C128}"
EndProject
Global
	GlobalSection(SolutionConfigurationPlatforms) = preSolution
		Debug|Any CPU = Debug|Any CPU
		Release|Any CPU = Release|Any CPU
	EndGlobalSection
	GlobalSection(ProjectConfigurationPlatforms) = postSolution
		{AC2D2C14-5291-4A44-AE68-EDFA8646C128}.Debug|Any CPU.ActiveCfg = Debug|Any CPU
		{AC2D2C14-5291-4A44-AE68-EDFA8646C128}.Debug|Any CPU.Build.0 = Debug|Any CPU
		{AC2D2C14-5291-4A44-AE68-EDFA8646C128}.Release|Any CPU.ActiveCfg = Release|Any CPU
		{AC2D2C14-5291-4A44-AE68-EDFA8646C128}.Release|Any CPU.Build.0 = Release|Any CPU
	EndGlobalSection
	GlobalSection(SolutionProperties) = preSolution
		HideSolutionNode = FALSE
	EndGlobalSection
	GlobalSection(ExtensibilityGlobals) = postSolution
		SolutionGuid = {A5BF3BBB-06F1-4752-B19B-32AAC0D50CFE}
	EndGlobalSection
EndGlobal
